
Microsoft Visual Studio Solution File, Format Version 12.00
# Visual Studio Version 16
VisualStudioVersion = 16.0.31613.86
MinimumVisualStudioVersion = 10.0.40219.1
Project("{FAE04EC0-301F-11D3-BF4B-00C04F79EFBC}") = "BaiNgay7hang9", "BaiNgay7hang9\BaiNgay7hang9.csproj", "{20E9775D-7C66-4569-82A6-AE72CD24CE5B}"
EndProject
Global
	GlobalSection(SolutionConfigurationPlatforms) = preSolution
		Debug|Any CPU = Debug|Any CPU
		Release|Any CPU = Release|Any CPU
	EndGlobalSection
	GlobalSection(ProjectConfigurationPlatforms) = postSolution
		{20E9775D-7C66-4569-82A6-AE72CD24CE5B}.Debug|Any CPU.ActiveCfg = Debug|Any CPU
		{20E9775D-7C66-4569-82A6-AE72CD24CE5B}.Debug|Any CPU.Build.0 = Debug|Any CPU
		{20E9775D-7C66-4569-82A6-AE72CD24CE5B}.Release|Any CPU.ActiveCfg = Release|Any CPU
		{20E9775D-7C66-4569-82A6-AE72CD24CE5B}.Release|Any CPU.Build.0 = Release|Any CPU
	EndGlobalSection
	GlobalSection(SolutionProperties) = preSolution
		HideSolutionNode = FALSE
	EndGlobalSection
	GlobalSection(ExtensibilityGlobals) = postSolution
		SolutionGuid = {DF4FBD08-5CAA-42C5-BB83-17B052073EDD}
	EndGlobalSection
EndGlobal
